// !$*UTF8*$!
{
	archiveVersion = 1;
	classes = {
	};
	objectVersion = 46;
	objects = {

/* Begin PBXBuildFile section */
		9598F4451D50857700261918 /* AppDelegate.swift in Sources */ = {isa = PBXBuildFile; fileRef = 9598F4441D50857700261918 /* AppDelegate.swift */; };
		9598F4471D50857700261918 /* ViewController.swift in Sources */ = {isa = PBXBuildFile; fileRef = 9598F4461D50857700261918 /* ViewController.swift */; };
		9598F44A1D50857700261918 /* Main.storyboard in Resources */ = {isa = PBXBuildFile; fileRef = 9598F4481D50857700261918 /* Main.storyboard */; };
		9598F44C1D50857700261918 /* Assets.xcassets in Resources */ = {isa = PBXBuildFile; fileRef = 9598F44B1D50857700261918 /* Assets.xcassets */; };
		9598F44F1D50857700261918 /* LaunchScreen.storyboard in Resources */ = {isa = PBXBuildFile; fileRef = 9598F44D1D50857700261918 /* LaunchScreen.storyboard */; };
		9598F45A1D50857700261918 /* HSDynamicCellTests.swift in Sources */ = {isa = PBXBuildFile; fileRef = 9598F4591D50857700261918 /* HSDynamicCellTests.swift */; };
		9598F4651D50857700261918 /* HSDynamicCellUITests.swift in Sources */ = {isa = PBXBuildFile; fileRef = 9598F4641D50857700261918 /* HSDynamicCellUITests.swift */; };
		9598F4761D5085F500261918 /* HSCell.swift in Sources */ = {isa = PBXBuildFile; fileRef = 9598F4741D5085F500261918 /* HSCell.swift */; };
		9598F4771D5085F500261918 /* HSCell.xib in Resources */ = {isa = PBXBuildFile; fileRef = 9598F4751D5085F500261918 /* HSCell.xib */; };
		9598F4791D508E0200261918 /* HSModel.swift in Sources */ = {isa = PBXBuildFile; fileRef = 9598F4781D508E0200261918 /* HSModel.swift */; };
		9598F47B1D50905600261918 /* HSViewModel.swift in Sources */ = {isa = PBXBuildFile; fileRef = 9598F47A1D50905600261918 /* HSViewModel.swift */; };
/* End PBXBuildFile section */

/* Begin PBXContainerItemProxy section */
		9598F4561D50857700261918 /* PBXContainerItemProxy */ = {
			isa = PBXContainerItemProxy;
			containerPortal = 9598F4391D50857700261918 /* Project object */;
			proxyType = 1;
			remoteGlobalIDString = 9598F4401D50857700261918;
			remoteInfo = HSDynamicCell;
		};
		9598F4611D50857700261918 /* PBXContainerItemProxy */ = {
			isa = PBXContainerItemProxy;
			containerPortal = 9598F4391D50857700261918 /* Project object */;
			proxyType = 1;
			remoteGlobalIDString = 9598F4401D50857700261918;
			remoteInfo = HSDynamicCell;
		};
/* End PBXContainerItemProxy section */

/* Begin PBXFileReference section */
		9598F4411D50857700261918 /* HSDynamicCell.app */ = {isa = PBXFileReference; explicitFileType = wrapper.application; includeInIndex = 0; path = HSDynamicCell.app; sourceTree = BUILT_PRODUCTS_DIR; };
		9598F4441D50857700261918 /* AppDelegate.swift */ = {isa = PBXFileReference; lastKnownFileType = sourcecode.swift; path = AppDelegate.swift; sourceTree = "<group>"; };
		9598F4461D50857700261918 /* ViewController.swift */ = {isa = PBXFileReference; lastKnownFileType = sourcecode.swift; path = ViewController.swift; sourceTree = "<group>"; };
		9598F4491D50857700261918 /* Base */ = {isa = PBXFileReference; lastKnownFileType = file.storyboard; name = Base; path = Base.lproj/Main.storyboard; sourceTree = "<group>"; };
		9598F44B1D50857700261918 /* Assets.xcassets */ = {isa = PBXFileReference; lastKnownFileType = folder.assetcatalog; path = Assets.xcassets; sourceTree = "<group>"; };
		9598F44E1D50857700261918 /* Base */ = {isa = PBXFileReference; lastKnownFileType = file.storyboard; name = Base; path = Base.lproj/LaunchScreen.storyboard; sourceTree = "<group>"; };
		9598F4501D50857700261918 /* Info.plist */ = {isa = PBXFileReference; lastKnownFileType = text.plist.xml; path = Info.plist; sourceTree = "<group>"; };
		9598F4551D50857700261918 /* HSDynamicCellTests.xctest */ = {isa = PBXFileReference; explicitFileType = wrapper.cfbundle; includeInIndex = 0; path = HSDynamicCellTests.xctest; sourceTree = BUILT_PRODUCTS_DIR; };
		9598F4591D50857700261918 /* HSDynamicCellTests.swift */ = {isa = PBXFileReference; lastKnownFileType = sourcecode.swift; path = HSDynamicCellTests.swift; sourceTree = "<group>"; };
		9598F45B1D50857700261918 /* Info.plist */ = {isa = PBXFileReference; lastKnownFileType = text.plist.xml; path = Info.plist; sourceTree = "<group>"; };
		9598F4601D50857700261918 /* HSDynamicCellUITests.xctest */ = {isa = PBXFileReference; explicitFileType = wrapper.cfbundle; includeInIndex = 0; path = HSDynamicCellUITests.xctest; sourceTree = BUILT_PRODUCTS_DIR; };
		9598F4641D50857700261918 /* HSDynamicCellUITests.swift */ = {isa = PBXFileReference; lastKnownFileType = sourcecode.swift; path = HSDynamicCellUITests.swift; sourceTree = "<group>"; };
		9598F4661D50857700261918 /* Info.plist */ = {isa = PBXFileReference; lastKnownFileType = text.plist.xml; path = Info.plist; sourceTree = "<group>"; };
		9598F4741D5085F500261918 /* HSCell.swift */ = {isa = PBXFileReference; fileEncoding = 4; lastKnownFileType = sourcecode.swift; path = HSCell.swift; sourceTree = "<group>"; };
		9598F4751D5085F500261918 /* HSCell.xib */ = {isa = PBXFileReference; fileEncoding = 4; lastKnownFileType = file.xib; path = HSCell.xib; sourceTree = "<group>"; };
		9598F4781D508E0200261918 /* HSModel.swift */ = {isa = PBXFileReference; fileEncoding = 4; lastKnownFileType = sourcecode.swift; path = HSModel.swift; sourceTree = "<group>"; };
		9598F47A1D50905600261918 /* HSViewModel.swift */ = {isa = PBXFileReference; fileEncoding = 4; lastKnownFileType = sourcecode.swift; path = HSViewModel.swift; sourceTree = "<group>"; };
/* End PBXFileReference section */

/* Begin PBXFrameworksBuildPhase section */
		9598F43E1D50857700261918 /* Frameworks */ = {
			isa = PBXFrameworksBuildPhase;
			buildActionMask = 2147483647;
			files = (
			);
			runOnlyForDeploymentPostprocessing = 0;
		};
		9598F4521D50857700261918 /* Frameworks */ = {
			isa = PBXFrameworksBuildPhase;
			buildActionMask = 2147483647;
			files = (
			);
			runOnlyForDeploymentPostprocessing = 0;
		};
		9598F45D1D50857700261918 /* Frameworks */ = {
			isa = PBXFrameworksBuildPhase;
			buildActionMask = 2147483647;
			files = (
			);
			runOnlyForDeploymentPostprocessing = 0;
		};
/* End PBXFrameworksBuildPhase section */

/* Begin PBXGroup section */
		9598F4381D50857700261918 = {
			isa = PBXGroup;
			children = (
				9598F4431D50857700261918 /* HSDynamicCell */,
				9598F4581D50857700261918 /* HSDynamicCellTests */,
				9598F4631D50857700261918 /* HSDynamicCellUITests */,
				9598F4421D50857700261918 /* Products */,
			);
			sourceTree = "<group>";
		};
		9598F4421D50857700261918 /* Products */ = {
			isa = PBXGroup;
			children = (
				9598F4411D50857700261918 /* HSDynamicCell.app */,
				9598F4551D50857700261918 /* HSDynamicCellTests.xctest */,
				9598F4601D50857700261918 /* HSDynamicCellUITests.xctest */,
			);
			name = Products;
			sourceTree = "<group>";
		};
		9598F4431D50857700261918 /* HSDynamicCell */ = {
			isa = PBXGroup;
			children = (
				9598F4721D50857C00261918 /* Supports */,
				9598F4461D50857700261918 /* ViewController.swift */,
				9598F47A1D50905600261918 /* HSViewModel.swift */,
				9598F4781D508E0200261918 /* HSModel.swift */,
				9598F4741D5085F500261918 /* HSCell.swift */,
			);
			path = HSDynamicCell;
			sourceTree = "<group>";
		};
		9598F4581D50857700261918 /* HSDynamicCellTests */ = {
			isa = PBXGroup;
			children = (
				9598F4591D50857700261918 /* HSDynamicCellTests.swift */,
				9598F45B1D50857700261918 /* Info.plist */,
			);
			path = HSDynamicCellTests;
			sourceTree = "<group>";
		};
		9598F4631D50857700261918 /* HSDynamicCellUITests */ = {
			isa = PBXGroup;
			children = (
				9598F4641D50857700261918 /* HSDynamicCellUITests.swift */,
				9598F4661D50857700261918 /* Info.plist */,
			);
			path = HSDynamicCellUITests;
			sourceTree = "<group>";
		};
		9598F4721D50857C00261918 /* Supports */ = {
			isa = PBXGroup;
			children = (
				9598F4441D50857700261918 /* AppDelegate.swift */,
				9598F4481D50857700261918 /* Main.storyboard */,
				9598F4751D5085F500261918 /* HSCell.xib */,
				9598F44B1D50857700261918 /* Assets.xcassets */,
				9598F44D1D50857700261918 /* LaunchScreen.storyboard */,
				9598F4501D50857700261918 /* Info.plist */,
			);
			name = Supports;
			sourceTree = "<group>";
		};
/* End PBXGroup section */

/* Begin PBXNativeTarget section */
		9598F4401D50857700261918 /* HSDynamicCell */ = {
			isa = PBXNativeTarget;
			buildConfigurationList = 9598F4691D50857700261918 /* Build configuration list for PBXNativeTarget "HSDynamicCell" */;
			buildPhases = (
				9598F43D1D50857700261918 /* Sources */,
				9598F43E1D50857700261918 /* Frameworks */,
				9598F43F1D50857700261918 /* Resources */,
			);
			buildRules = (
			);
			dependencies = (
			);
			name = HSDynamicCell;
			productName = HSDynamicCell;
			productReference = 9598F4411D50857700261918 /* HSDynamicCell.app */;
			productType = "com.apple.product-type.application";
		};
		9598F4541D50857700261918 /* HSDynamicCellTests */ = {
			isa = PBXNativeTarget;
			buildConfigurationList = 9598F46C1D50857700261918 /* Build configuration list for PBXNativeTarget "HSDynamicCellTests" */;
			buildPhases = (
				9598F4511D50857700261918 /* Sources */,
				9598F4521D50857700261918 /* Frameworks */,
				9598F4531D50857700261918 /* Resources */,
			);
			buildRules = (
			);
			dependencies = (
				9598F4571D50857700261918 /* PBXTargetDependency */,
			);
			name = HSDynamicCellTests;
			productName = HSDynamicCellTests;
			productReference = 9598F4551D50857700261918 /* HSDynamicCellTests.xctest */;
			productType = "com.apple.product-type.bundle.unit-test";
		};
		9598F45F1D50857700261918 /* HSDynamicCellUITests */ = {
			isa = PBXNativeTarget;
			buildConfigurationList = 9598F46F1D50857700261918 /* Build configuration list for PBXNativeTarget "HSDynamicCellUITests" */;
			buildPhases = (
				9598F45C1D50857700261918 /* Sources */,
				9598F45D1D50857700261918 /* Frameworks */,
				9598F45E1D50857700261918 /* Resources */,
			);
			buildRules = (
			);
			dependencies = (
				9598F4621D50857700261918 /* PBXTargetDependency */,
			);
			name = HSDynamicCellUITests;
			productName = HSDynamicCellUITests;
			productReference = 9598F4601D50857700261918 /* HSDynamicCellUITests.xctest */;
			productType = "com.apple.product-type.bundle.ui-testing";
		};
/* End PBXNativeTarget section */

/* Begin PBXProject section */
		9598F4391D50857700261918 /* Project object */ = {
			isa = PBXProject;
			attributes = {
				LastSwiftUpdateCheck = 0730;
				LastUpgradeCheck = 0730;
				ORGANIZATIONNAME = ZhangHS;
				TargetAttributes = {
					9598F4401D50857700261918 = {
						CreatedOnToolsVersion = 7.3.1;
					};
					9598F4541D50857700261918 = {
						CreatedOnToolsVersion = 7.3.1;
						TestTargetID = 9598F4401D50857700261918;
					};
					9598F45F1D50857700261918 = {
						CreatedOnToolsVersion = 7.3.1;
						TestTargetID = 9598F4401D50857700261918;
					};
				};
			};
			buildConfigurationList = 9598F43C1D50857700261918 /* Build configuration list for PBXProject "HSDynamicCell" */;
			compatibilityVersion = "Xcode 3.2";
			developmentRegion = English;
			hasScannedForEncodings = 0;
			knownRegions = (
				en,
				Base,
			);
			mainGroup = 9598F4381D50857700261918;
			productRefGroup = 9598F4421D50857700261918 /* Products */;
			projectDirPath = "";
			projectRoot = "";
			targets = (
				9598F4401D50857700261918 /* HSDynamicCell */,
				9598F4541D50857700261918 /* HSDynamicCellTests */,
				9598F45F1D50857700261918 /* HSDynamicCellUITests */,
			);
		};
/* End PBXProject section */

/* Begin PBXResourcesBuildPhase section */
		9598F43F1D50857700261918 /* Resources */ = {
			isa = PBXResourcesBuildPhase;
			buildActionMask = 2147483647;
			files = (
				9598F44F1D50857700261918 /* LaunchScreen.storyboard in Resources */,
				9598F44C1D50857700261918 /* Assets.xcassets in Resources */,
				9598F4771D5085F500261918 /* HSCell.xib in Resources */,
				9598F44A1D50857700261918 /* Main.storyboard in Resources */,
			);
			runOnlyForDeploymentPostprocessing = 0;
		};
		9598F4531D50857700261918 /* Resources */ = {
			isa = PBXResourcesBuildPhase;
			buildActionMask = 2147483647;
			files = (
			);
			runOnlyForDeploymentPostprocessing = 0;
		};
		9598F45E1D50857700261918 /* Resources */ = {
			isa = PBXResourcesBuildPhase;
			buildActionMask = 2147483647;
			files = (
			);
			runOnlyForDeploymentPostprocessing = 0;
		};
/* End PBXResourcesBuildPhase section */

/* Begin PBXSourcesBuildPhase section */
		9598F43D1D50857700261918 /* Sources */ = {
			isa = PBXSourcesBuildPhase;
			buildActionMask = 2147483647;
			files = (
				9598F4791D508E0200261918 /* HSModel.swift in Sources */,
				9598F47B1D50905600261918 /* HSViewModel.swift in Sources */,
				9598F4471D50857700261918 /* ViewController.swift in Sources */,
				9598F4761D5085F500261918 /* HSCell.swift in Sources */,
				9598F4451D50857700261918 /* AppDelegate.swift in Sources */,
			);
			runOnlyForDeploymentPostprocessing = 0;
		};
		9598F4511D50857700261918 /* Sources */ = {
			isa = PBXSourcesBuildPhase;
			buildActionMask = 2147483647;
			files = (
				9598F45A1D50857700261918 /* HSDynamicCellTests.swift in Sources */,
			);
			runOnlyForDeploymentPostprocessing = 0;
		};
		9598F45C1D50857700261918 /* Sources */ = {
			isa = PBXSourcesBuildPhase;
			buildActionMask = 2147483647;
			files = (
				9598F4651D50857700261918 /* HSDynamicCellUITests.swift in Sources */,
			);
			runOnlyForDeploymentPostprocessing = 0;
		};
/* End PBXSourcesBuildPhase section */

/* Begin PBXTargetDependency section */
		9598F4571D50857700261918 /* PBXTargetDependency */ = {
			isa = PBXTargetDependency;
			target = 9598F4401D50857700261918 /* HSDynamicCell */;
			targetProxy = 9598F4561D50857700261918 /* PBXContainerItemProxy */;
		};
		9598F4621D50857700261918 /* PBXTargetDependency */ = {
			isa = PBXTargetDependency;
			target = 9598F4401D50857700261918 /* HSDynamicCell */;
			targetProxy = 9598F4611D50857700261918 /* PBXContainerItemProxy */;
		};
/* End PBXTargetDependency section */

/* Begin PBXVariantGroup section */
		9598F4481D50857700261918 /* Main.storyboard */ = {
			isa = PBXVariantGroup;
			children = (
				9598F4491D50857700261918 /* Base */,
			);
			name = Main.storyboard;
			sourceTree = "<group>";
		};
		9598F44D1D50857700261918 /* LaunchScreen.storyboard */ = {
			isa = PBXVariantGroup;
			children = (
				9598F44E1D50857700261918 /* Base */,
			);
			name = LaunchScreen.storyboard;
			sourceTree = "<group>";
		};
/* End PBXVariantGroup section */

/* Begin XCBuildConfiguration section */
		9598F4671D50857700261918 /* Debug */ = {
			isa = XCBuildConfiguration;
			buildSettings = {
				ALWAYS_SEARCH_USER_PATHS = NO;
				CLANG_ANALYZER_NONNULL = YES;
				CLANG_CXX_LANGUAGE_STANDARD = "gnu++0x";
				CLANG_CXX_LIBRARY = "libc++";
				CLANG_ENABLE_MODULES = YES;
				CLANG_ENABLE_OBJC_ARC = YES;
				CLANG_WARN_BOOL_CONVERSION = YES;
				CLANG_WARN_CONSTANT_CONVERSION = YES;
				CLANG_WARN_DIRECT_OBJC_ISA_USAGE = YES_ERROR;
				CLANG_WARN_EMPTY_BODY = YES;
				CLANG_WARN_ENUM_CONVERSION = YES;
				CLANG_WARN_INT_CONVERSION = YES;
				CLANG_WARN_OBJC_ROOT_CLASS = YES_ERROR;
				CLANG_WARN_UNREACHABLE_CODE = YES;
				CLANG_WARN__DUPLICATE_METHOD_MATCH = YES;
				"CODE_SIGN_IDENTITY[sdk=iphoneos*]" = "iPhone Developer";
				COPY_PHASE_STRIP = NO;
				DEBUG_INFORMATION_FORMAT = dwarf;
				ENABLE_STRICT_OBJC_MSGSEND = YES;
				ENABLE_TESTABILITY = YES;
				GCC_C_LANGUAGE_STANDARD = gnu99;
				GCC_DYNAMIC_NO_PIC = NO;
				GCC_NO_COMMON_BLOCKS = YES;
				GCC_OPTIMIZATION_LEVEL = 0;
				GCC_PREPROCESSOR_DEFINITIONS = (
					"DEBUG=1",
					"$(inherited)",
				);
				GCC_WARN_64_TO_32_BIT_CONVERSION = YES;
				GCC_WARN_ABOUT_RETURN_TYPE = YES_ERROR;
				GCC_WARN_UNDECLARED_SELECTOR = YES;
				GCC_WARN_UNINITIALIZED_AUTOS = YES_AGGRESSIVE;
				GCC_WARN_UNUSED_FUNCTION = YES;
				GCC_WARN_UNUSED_VARIABLE = YES;
				IPHONEOS_DEPLOYMENT_TARGET = 9.3;
				MTL_ENABLE_DEBUG_INFO = YES;
				ONLY_ACTIVE_ARCH = YES;
				SDKROOT = iphoneos;
				SWIFT_OPTIMIZATION_LEVEL = "-Onone";
			};
			name = Debug;
		};
		9598F4681D50857700261918 /* Release */ = {
			isa = XCBuildConfiguration;
			buildSettings = {
				ALWAYS_SEARCH_USER_PATHS = NO;
				CLANG_ANALYZER_NONNULL = YES;
				CLANG_CXX_LANGUAGE_STANDARD = "gnu++0x";
				CLANG_CXX_LIBRARY = "libc++";
				CLANG_ENABLE_MODULES = YES;
				CLANG_ENABLE_OBJC_ARC = YES;
				CLANG_WARN_BOOL_CONVERSION = YES;
				CLANG_WARN_CONSTANT_CONVERSION = YES;
				CLANG_WARN_DIRECT_OBJC_ISA_USAGE = YES_ERROR;
				CLANG_WARN_EMPTY_BODY = YES;
				CLANG_WARN_ENUM_CONVERSION = YES;
				CLANG_WARN_INT_CONVERSION = YES;
				CLANG_WARN_OBJC_ROOT_CLASS = YES_ERROR;
				CLANG_WARN_UNREACHABLE_CODE = YES;
				CLANG_WARN__DUPLICATE_METHOD_MATCH = YES;
				"CODE_SIGN_IDENTITY[sdk=iphoneos*]" = "iPhone Developer";
				COPY_PHASE_STRIP = NO;
				DEBUG_INFORMATION_FORMAT = "dwarf-with-dsym";
				ENABLE_NS_ASSERTIONS = NO;
				ENABLE_STRICT_OBJC_MSGSEND = YES;
				GCC_C_LANGUAGE_STANDARD = gnu99;
				GCC_NO_COMMON_BLOCKS = YES;
				GCC_WARN_64_TO_32_BIT_CONVERSION = YES;
				GCC_WARN_ABOUT_RETURN_TYPE = YES_ERROR;
				GCC_WARN_UNDECLARED_SELECTOR = YES;
				GCC_WARN_UNINITIALIZED_AUTOS = YES_AGGRESSIVE;
				GCC_WARN_UNUSED_FUNCTION = YES;
				GCC_WARN_UNUSED_VARIABLE = YES;
				IPHONEOS_DEPLOYMENT_TARGET = 9.3;
				MTL_ENABLE_DEBUG_INFO = NO;
				SDKROOT = iphoneos;
				VALIDATE_PRODUCT = YES;
			};
			name = Release;
		};
		9598F46A1D50857700261918 /* Debug */ = {
			isa = XCBuildConfiguration;
			buildSettings = {
				ASSETCATALOG_COMPILER_APPICON_NAME = AppIcon;
				INFOPLIST_FILE = HSDynamicCell/Info.plist;
				LD_RUNPATH_SEARCH_PATHS = "$(inherited) @executable_path/Frameworks";
				PRODUCT_BUNDLE_IDENTIFIER = com.youjiekeji.HSDynamicCell;
				PRODUCT_NAME = "$(TARGET_NAME)";
			};
			name = Debug;
		};
		9598F46B1D50857700261918 /* Release */ = {
			isa = XCBuildConfiguration;
			buildSettings = {
				ASSETCATALOG_COMPILER_APPICON_NAME = AppIcon;
				INFOPLIST_FILE = HSDynamicCell/Info.plist;
				LD_RUNPATH_SEARCH_PATHS = "$(inherited) @executable_path/Frameworks";
				PRODUCT_BUNDLE_IDENTIFIER = com.youjiekeji.HSDynamicCell;
				PRODUCT_NAME = "$(TARGET_NAME)";
			};
			name = Release;
		};
		9598F46D1D50857700261918 /* Debug */ = {
			isa = XCBuildConfiguration;
			buildSettings = {
				BUNDLE_LOADER = "$(TEST_HOST)";
				INFOPLIST_FILE = HSDynamicCellTests/Info.plist;
				LD_RUNPATH_SEARCH_PATHS = "$(inherited) @executable_path/Frameworks @loader_path/Frameworks";
				PRODUCT_BUNDLE_IDENTIFIER = com.youjiekeji.HSDynamicCellTests;
				PRODUCT_NAME = "$(TARGET_NAME)";
				TEST_HOST = "$(BUILT_PRODUCTS_DIR)/HSDynamicCell.app/HSDynamicCell";
			};
			name = Debug;
		};
		9598F46E1D50857700261918 /* Release */ = {
			isa = XCBuildConfiguration;
			buildSettings = {
				BUNDLE_LOADER = "$(TEST_HOST)";
				INFOPLIST_FILE = HSDynamicCellTests/Info.plist;
				LD_RUNPATH_SEARCH_PATHS = "$(inherited) @executable_path/Frameworks @loader_path/Frameworks";
				PRODUCT_BUNDLE_IDENTIFIER = com.youjiekeji.HSDynamicCellTests;
				PRODUCT_NAME = "$(TARGET_NAME)";
				TEST_HOST = "$(BUILT_PRODUCTS_DIR)/HSDynamicCell.app/HSDynamicCell";
			};
			name = Release;
		};
		9598F4701D50857700261918 /* Debug */ = {
			isa = XCBuildConfiguration;
			buildSettings = {
				INFOPLIST_FILE = HSDynamicCellUITests/Info.plist;
				LD_RUNPATH_SEARCH_PATHS = "$(inherited) @executable_path/Frameworks @loader_path/Frameworks";
				PRODUCT_BUNDLE_IDENTIFIER = com.youjiekeji.HSDynamicCellUITests;
				PRODUCT_NAME = "$(TARGET_NAME)";
				TEST_TARGET_NAME = HSDynamicCell;
			};
			name = Debug;
		};
		9598F4711D50857700261918 /* Release */ = {
			isa = XCBuildConfiguration;
			buildSettings = {
				INFOPLIST_FILE = HSDynamicCellUITests/Info.plist;
				LD_RUNPATH_SEARCH_PATHS = "$(inherited) @executable_path/Frameworks @loader_path/Frameworks";
				PRODUCT_BUNDLE_IDENTIFIER = com.youjiekeji.HSDynamicCellUITests;
				PRODUCT_NAME = "$(TARGET_NAME)";
				TEST_TARGET_NAME = HSDynamicCell;
			};
			name = Release;
		};
/* End XCBuildConfiguration section */

/* Begin XCConfigurationList section */
		9598F43C1D50857700261918 /* Build configuration list for PBXProject "HSDynamicCell" */ = {
			isa = XCConfigurationList;
			buildConfigurations = (
				9598F4671D50857700261918 /* Debug */,
				9598F4681D50857700261918 /* Release */,
			);
			defaultConfigurationIsVisible = 0;
			defaultConfigurationName = Release;
		};
		9598F4691D50857700261918 /* Build configuration list for PBXNativeTarget "HSDynamicCell" */ = {
			isa = XCConfigurationList;
			buildConfigurations = (
				9598F46A1D50857700261918 /* Debug */,
				9598F46B1D50857700261918 /* Release */,
			);
			defaultConfigurationIsVisible = 0;
		};
		9598F46C1D50857700261918 /* Build configuration list for PBXNativeTarget "HSDynamicCellTests" */ = {
			isa = XCConfigurationList;
			buildConfigurations = (
				9598F46D1D50857700261918 /* Debug */,
				9598F46E1D50857700261918 /* Release */,
			);
			defaultConfigurationIsVisible = 0;
		};
		9598F46F1D50857700261918 /* Build configuration list for PBXNativeTarget "HSDynamicCellUITests" */ = {
			isa = XCConfigurationList;
			buildConfigurations = (
				9598F4701D50857700261918 /* Debug */,
				9598F4711D50857700261918 /* Release */,
			);
			defaultConfigurationIsVisible = 0;
		};
/* End XCConfigurationList section */
	};
	rootObject = 9598F4391D50857700261918 /* Project object */;
}
